<?xml version="1.0" encoding="utf-8"?>
<Project ToolsVersion="4.0" xmlns="http://schemas.microsoft.com/developer/msbuild/2003">
  <ItemGroup>
    <Filter Include="소스 파일">
      <UniqueIdentifier>{4FC737F1-C7A5-4376-A066-2A32D752A2FF}</UniqueIdentifier>
      <Extensions>cpp;c;cc;cxx;def;odl;idl;hpj;bat;asm;asmx</Extensions>
    </Filter>
    <Filter Include="헤더 파일">
      <UniqueIdentifier>{93995380-89BD-4b04-88EB-625FBE52EBFB}</UniqueIdentifier>
      <Extensions>h;hh;hpp;hxx;hm;inl;inc;xsd</Extensions>
    </Filter>
    <Filter Include="리소스 파일">
      <UniqueIdentifier>{67DA6AB6-F800-4c08-8B7A-83BB121AAD01}</UniqueIdentifier>
      <Extensions>rc;ico;cur;bmp;dlg;rc2;rct;bin;rgs;gif;jpg;jpeg;jpe;resx;tiff;tif;png;wav;mfcribbon-ms</Extensions>
    </Filter>
    <Filter Include="소스 파일\180430">
      <UniqueIdentifier>{b6d1f156-40be-47ef-8ac5-9610539e9c15}</UniqueIdentifier>
    </Filter>
    <Filter Include="소스 파일\180503">
      <UniqueIdentifier>{7c9557b1-42cc-49f1-a59b-d035846b4e5d}</UniqueIdentifier>
    </Filter>
    <Filter Include="소스 파일\180510">
      <UniqueIdentifier>{f18a05af-03af-49bd-aab1-22f4643c42bf}</UniqueIdentifier>
    </Filter>
  </ItemGroup>
  <ItemGroup>
    <ClCompile Include="main.cpp">
      <Filter>소스 파일</Filter>
    </ClCompile>
    <ClCompile Include="1-1.cpp">
      <Filter>소스 파일\180430</Filter>
    </ClCompile>
    <ClCompile Include="1-2.cpp">
      <Filter>소스 파일\180430</Filter>
    </ClCompile>
    <ClCompile Include="1-3.cpp">
      <Filter>소스 파일\180430</Filter>
    </ClCompile>
    <ClCompile Include="1-4.cpp">
      <Filter>소스 파일\180430</Filter>
    </ClCompile>
    <ClCompile Include="2-1.cpp">
      <Filter>소스 파일\180503</Filter>
    </ClCompile>
    <ClCompile Include="2-2.cpp">
      <Filter>소스 파일\180503</Filter>
    </ClCompile>
    <ClCompile Include="2-3.cpp">
      <Filter>소스 파일\180503</Filter>
    </ClCompile>
    <ClCompile Include="2-4.cpp">
      <Filter>소스 파일\180510</Filter>
    </ClCompile>
    <ClCompile Include="3-1.cpp">
      <Filter>소스 파일\180510</Filter>
    </ClCompile>
  </ItemGroup>
</Project>